{
  "name": "@ordersync/order-utils",
  "version": "0.1.0",
  "lockfileVersion": 3,
  "requires": true,
  "packages": {
    "": {
      "name": "@ordersync/order-utils",
      "version": "0.1.0",
      "dependencies": {
        "@ordersync/types": "file:../types"
      }
    },
    "../types": {
      "name": "@ordersync/types",
      "version": "0.1.0"
    },
    "node_modules/@ordersync/types": {
      "resolved": "../types",
      "link": true
    }
  }
}
